{
  "lockfile_version": "1",
  "packages": {
    "github:NixOS/nixpkgs/nixpkgs-unstable": {
      "resolved": "github:NixOS/nixpkgs/573c650e8a14b2faa0041645ab18aed7e60f0c9a?lastModified=1741865919&narHash=sha256-4thdbnP6dlbdq%2BqZWTsm4ffAwoS8Tiq1YResB%2BRP6WE%3D"
    },
    "lychee@latest": {
      "last_modified": "2025-01-25T23:17:58Z",
      "resolved": "github:NixOS/nixpkgs/b582bb5b0d7af253b05d58314b85ab8ec46b8d19#lychee",
      "source": "devbox-search",
      "version": "0.18.0",
      "systems": {
        "aarch64-darwin": {
          "outputs": [
            {
              "name": "out",
              "path": "/nix/store/rjwp9rqf7fzh5z1dpn3nsn6hh3mk38z5-lychee-0.18.0",
              "default": true
            }
          ],
          "store_path": "/nix/store/rjwp9rqf7fzh5z1dpn3nsn6hh3mk38z5-lychee-0.18.0"
        },
        "aarch64-linux": {
          "outputs": [
            {
              "name": "out",
              "path": "/nix/store/8470k69c3y4f4cxnxc09i1phfifprszy-lychee-0.18.0",
              "default": true
            }
          ],
          "store_path": "/nix/store/8470k69c3y4f4cxnxc09i1phfifprszy-lychee-0.18.0"
        },
        "x86_64-darwin": {
          "outputs": [
            {
              "name": "out",
              "path": "/nix/store/n8haxvy0bdxzmx813dg1p7xv0qjc9lg4-lychee-0.18.0",
              "default": true
            }
          ],
          "store_path": "/nix/store/n8haxvy0bdxzmx813dg1p7xv0qjc9lg4-lychee-0.18.0"
        },
        "x86_64-linux": {
          "outputs": [
            {
              "name": "out",
              "path": "/nix/store/dn02smsl6qn3ra57bx3q9zki4cb1d13b-lychee-0.18.0",
              "default": true
            }
          ],
          "store_path": "/nix/store/dn02smsl6qn3ra57bx3q9zki4cb1d13b-lychee-0.18.0"
        }
      }
    },
    "nodePackages.prettier@latest": {
      "last_modified": "2025-01-25T23:17:58Z",
      "resolved": "github:NixOS/nixpkgs/b582bb5b0d7af253b05d58314b85ab8ec46b8d19#nodePackages.prettier",
      "source": "devbox-search",
      "version": "3.3.3",
      "systems": {
        "aarch64-darwin": {
          "outputs": [
            {
              "name": "out",
              "path": "/nix/store/7018mdjp14qr7vf66jwdxvxaxjvl48hn-prettier-3.3.3",
              "default": true
            }
          ],
          "store_path": "/nix/store/7018mdjp14qr7vf66jwdxvxaxjvl48hn-prettier-3.3.3"
        },
        "aarch64-linux": {
          "outputs": [
            {
              "name": "out",
              "path": "/nix/store/pysxyhskhjjsxiac0ha8zi08p2814rpi-prettier-3.3.3",
              "default": true
            }
          ],
          "store_path": "/nix/store/pysxyhskhjjsxiac0ha8zi08p2814rpi-prettier-3.3.3"
        },
        "x86_64-darwin": {
          "outputs": [
            {
              "name": "out",
              "path": "/nix/store/79qbg2kgcvji7k8whvw9k29cc84wvj3w-prettier-3.3.3",
              "default": true
            }
          ],
          "store_path": "/nix/store/79qbg2kgcvji7k8whvw9k29cc84wvj3w-prettier-3.3.3"
        },
        "x86_64-linux": {
          "outputs": [
            {
              "name": "out",
              "path": "/nix/store/rrmdwy79qyc61lxmrggvrpmdmrq3zym7-prettier-3.3.3",
              "default": true
            }
          ],
          "store_path": "/nix/store/rrmdwy79qyc61lxmrggvrpmdmrq3zym7-prettier-3.3.3"
        }
      }
    }
  }
}
